// !$*UTF8*$!
{
	archiveVersion = 1;
	classes = {
	};
	objectVersion = 46;
	objects = {

/* Begin PBXBuildFile section */
		9B81E3A81F590A2B00CCF9F7 /* AppDelegate.swift in Sources */ = {isa = PBXBuildFile; fileRef = 9B81E3A71F590A2B00CCF9F7 /* AppDelegate.swift */; };
		9B81E3AD1F590A2B00CCF9F7 /* Main.storyboard in Resources */ = {isa = PBXBuildFile; fileRef = 9B81E3AB1F590A2B00CCF9F7 /* Main.storyboard */; };
		9B81E3AF1F590A2B00CCF9F7 /* Assets.xcassets in Resources */ = {isa = PBXBuildFile; fileRef = 9B81E3AE1F590A2B00CCF9F7 /* Assets.xcassets */; };
		9B81E3B21F590A2B00CCF9F7 /* LaunchScreen.storyboard in Resources */ = {isa = PBXBuildFile; fileRef = 9B81E3B01F590A2B00CCF9F7 /* LaunchScreen.storyboard */; };
		9B81E3D61F5910FD00CCF9F7 /* LeftSplitTableController.swift in Sources */ = {isa = PBXBuildFile; fileRef = 9B81E3D51F5910FD00CCF9F7 /* LeftSplitTableController.swift */; };
		9B81E3D81F59121100CCF9F7 /* RightSplitDetailController.swift in Sources */ = {isa = PBXBuildFile; fileRef = 9B81E3D71F59121100CCF9F7 /* RightSplitDetailController.swift */; };
/* End PBXBuildFile section */

/* Begin PBXFileReference section */
		9B81E3A41F590A2B00CCF9F7 /* SplitViewControllerExperiment.app */ = {isa = PBXFileReference; explicitFileType = wrapper.application; includeInIndex = 0; path = SplitViewControllerExperiment.app; sourceTree = BUILT_PRODUCTS_DIR; };
		9B81E3A71F590A2B00CCF9F7 /* AppDelegate.swift */ = {isa = PBXFileReference; lastKnownFileType = sourcecode.swift; path = AppDelegate.swift; sourceTree = "<group>"; };
		9B81E3AC1F590A2B00CCF9F7 /* Base */ = {isa = PBXFileReference; lastKnownFileType = file.storyboard; name = Base; path = Base.lproj/Main.storyboard; sourceTree = "<group>"; };
		9B81E3AE1F590A2B00CCF9F7 /* Assets.xcassets */ = {isa = PBXFileReference; lastKnownFileType = folder.assetcatalog; path = Assets.xcassets; sourceTree = "<group>"; };
		9B81E3B11F590A2B00CCF9F7 /* Base */ = {isa = PBXFileReference; lastKnownFileType = file.storyboard; name = Base; path = Base.lproj/LaunchScreen.storyboard; sourceTree = "<group>"; };
		9B81E3B31F590A2B00CCF9F7 /* Info.plist */ = {isa = PBXFileReference; lastKnownFileType = text.plist.xml; path = Info.plist; sourceTree = "<group>"; };
		9B81E3D51F5910FD00CCF9F7 /* LeftSplitTableController.swift */ = {isa = PBXFileReference; fileEncoding = 4; lastKnownFileType = sourcecode.swift; path = LeftSplitTableController.swift; sourceTree = "<group>"; };
		9B81E3D71F59121100CCF9F7 /* RightSplitDetailController.swift */ = {isa = PBXFileReference; fileEncoding = 4; lastKnownFileType = sourcecode.swift; name = RightSplitDetailController.swift; path = ../RightSplitDetailController.swift; sourceTree = "<group>"; };
/* End PBXFileReference section */

/* Begin PBXFrameworksBuildPhase section */
		9B81E3A11F590A2B00CCF9F7 /* Frameworks */ = {
			isa = PBXFrameworksBuildPhase;
			buildActionMask = 2147483647;
			files = (
			);
			runOnlyForDeploymentPostprocessing = 0;
		};
/* End PBXFrameworksBuildPhase section */

/* Begin PBXGroup section */
		9B81E39B1F590A2B00CCF9F7 = {
			isa = PBXGroup;
			children = (
				9B81E3A61F590A2B00CCF9F7 /* SplitViewControllerStoryboardDemo */,
				9B81E3A51F590A2B00CCF9F7 /* Products */,
			);
			sourceTree = "<group>";
		};
		9B81E3A51F590A2B00CCF9F7 /* Products */ = {
			isa = PBXGroup;
			children = (
				9B81E3A41F590A2B00CCF9F7 /* SplitViewControllerExperiment.app */,
			);
			name = Products;
			sourceTree = "<group>";
		};
		9B81E3A61F590A2B00CCF9F7 /* SplitViewControllerStoryboardDemo */ = {
			isa = PBXGroup;
			children = (
				9B81E3A71F590A2B00CCF9F7 /* AppDelegate.swift */,
				9B81E3D51F5910FD00CCF9F7 /* LeftSplitTableController.swift */,
				9B81E3D71F59121100CCF9F7 /* RightSplitDetailController.swift */,
				9B81E3AB1F590A2B00CCF9F7 /* Main.storyboard */,
				9B81E3AE1F590A2B00CCF9F7 /* Assets.xcassets */,
				9B81E3B01F590A2B00CCF9F7 /* LaunchScreen.storyboard */,
				9B81E3B31F590A2B00CCF9F7 /* Info.plist */,
			);
			name = SplitViewControllerStoryboardDemo;
			path = SplitViewControllerExperiment;
			sourceTree = "<group>";
		};
/* End PBXGroup section */

/* Begin PBXNativeTarget section */
		9B81E3A31F590A2B00CCF9F7 /* SplitViewControllerExperiment */ = {
			isa = PBXNativeTarget;
			buildConfigurationList = 9B81E3CC1F590A2C00CCF9F7 /* Build configuration list for PBXNativeTarget "SplitViewControllerExperiment" */;
			buildPhases = (
				9B81E3A01F590A2B00CCF9F7 /* Sources */,
				9B81E3A11F590A2B00CCF9F7 /* Frameworks */,
				9B81E3A21F590A2B00CCF9F7 /* Resources */,
			);
			buildRules = (
			);
			dependencies = (
			);
			name = SplitViewControllerExperiment;
			productName = SplitViewControllerExperiment;
			productReference = 9B81E3A41F590A2B00CCF9F7 /* SplitViewControllerExperiment.app */;
			productType = "com.apple.product-type.application";
		};
/* End PBXNativeTarget section */

/* Begin PBXProject section */
		9B81E39C1F590A2B00CCF9F7 /* Project object */ = {
			isa = PBXProject;
			attributes = {
				LastSwiftUpdateCheck = 0830;
				LastUpgradeCheck = 0830;
				ORGANIZATIONNAME = "Pei Sun";
				TargetAttributes = {
					9B81E3A31F590A2B00CCF9F7 = {
						CreatedOnToolsVersion = 8.3.3;
						ProvisioningStyle = Automatic;
					};
				};
			};
			buildConfigurationList = 9B81E39F1F590A2B00CCF9F7 /* Build configuration list for PBXProject "SplitViewControllerStoryboardDemo" */;
			compatibilityVersion = "Xcode 3.2";
			developmentRegion = English;
			hasScannedForEncodings = 0;
			knownRegions = (
				en,
				Base,
			);
			mainGroup = 9B81E39B1F590A2B00CCF9F7;
			productRefGroup = 9B81E3A51F590A2B00CCF9F7 /* Products */;
			projectDirPath = "";
			projectRoot = "";
			targets = (
				9B81E3A31F590A2B00CCF9F7 /* SplitViewControllerExperiment */,
			);
		};
/* End PBXProject section */

/* Begin PBXResourcesBuildPhase section */
		9B81E3A21F590A2B00CCF9F7 /* Resources */ = {
			isa = PBXResourcesBuildPhase;
			buildActionMask = 2147483647;
			files = (
				9B81E3B21F590A2B00CCF9F7 /* LaunchScreen.storyboard in Resources */,
				9B81E3AF1F590A2B00CCF9F7 /* Assets.xcassets in Resources */,
				9B81E3AD1F590A2B00CCF9F7 /* Main.storyboard in Resources */,
			);
			runOnlyForDeploymentPostprocessing = 0;
		};
/* End PBXResourcesBuildPhase section */

/* Begin PBXSourcesBuildPhase section */
		9B81E3A01F590A2B00CCF9F7 /* Sources */ = {
			isa = PBXSourcesBuildPhase;
			buildActionMask = 2147483647;
			files = (
				9B81E3A81F590A2B00CCF9F7 /* AppDelegate.swift in Sources */,
				9B81E3D81F59121100CCF9F7 /* RightSplitDetailController.swift in Sources */,
				9B81E3D61F5910FD00CCF9F7 /* LeftSplitTableController.swift in Sources */,
			);
			runOnlyForDeploymentPostprocessing = 0;
		};
/* End PBXSourcesBuildPhase section */

/* Begin PBXVariantGroup section */
		9B81E3AB1F590A2B00CCF9F7 /* Main.storyboard */ = {
			isa = PBXVariantGroup;
			children = (
				9B81E3AC1F590A2B00CCF9F7 /* Base */,
			);
			name = Main.storyboard;
			sourceTree = "<group>";
		};
		9B81E3B01F590A2B00CCF9F7 /* LaunchScreen.storyboard */ = {
			isa = PBXVariantGroup;
			children = (
				9B81E3B11F590A2B00CCF9F7 /* Base */,
			);
			name = LaunchScreen.storyboard;
			sourceTree = "<group>";
		};
/* End PBXVariantGroup section */

/* Begin XCBuildConfiguration section */
		9B81E3CA1F590A2C00CCF9F7 /* Debug */ = {
			isa = XCBuildConfiguration;
			buildSettings = {
				ALWAYS_SEARCH_USER_PATHS = NO;
				CLANG_ANALYZER_NONNULL = YES;
				CLANG_ANALYZER_NUMBER_OBJECT_CONVERSION = YES_AGGRESSIVE;
				CLANG_CXX_LANGUAGE_STANDARD = "gnu++0x";
				CLANG_CXX_LIBRARY = "libc++";
				CLANG_ENABLE_MODULES = YES;
				CLANG_ENABLE_OBJC_ARC = YES;
				CLANG_WARN_BOOL_CONVERSION = YES;
				CLANG_WARN_CONSTANT_CONVERSION = YES;
				CLANG_WARN_DIRECT_OBJC_ISA_USAGE = YES_ERROR;
				CLANG_WARN_DOCUMENTATION_COMMENTS = YES;
				CLANG_WARN_EMPTY_BODY = YES;
				CLANG_WARN_ENUM_CONVERSION = YES;
				CLANG_WARN_INFINITE_RECURSION = YES;
				CLANG_WARN_INT_CONVERSION = YES;
				CLANG_WARN_OBJC_ROOT_CLASS = YES_ERROR;
				CLANG_WARN_SUSPICIOUS_MOVE = YES;
				CLANG_WARN_UNREACHABLE_CODE = YES;
				CLANG_WARN__DUPLICATE_METHOD_MATCH = YES;
				"CODE_SIGN_IDENTITY[sdk=iphoneos*]" = "iPhone Developer";
				COPY_PHASE_STRIP = NO;
				DEBUG_INFORMATION_FORMAT = dwarf;
				ENABLE_STRICT_OBJC_MSGSEND = YES;
				ENABLE_TESTABILITY = YES;
				GCC_C_LANGUAGE_STANDARD = gnu99;
				GCC_DYNAMIC_NO_PIC = NO;
				GCC_NO_COMMON_BLOCKS = YES;
				GCC_OPTIMIZATION_LEVEL = 0;
				GCC_PREPROCESSOR_DEFINITIONS = (
					"DEBUG=1",
					"$(inherited)",
				);
				GCC_WARN_64_TO_32_BIT_CONVERSION = YES;
				GCC_WARN_ABOUT_RETURN_TYPE = YES_ERROR;
				GCC_WARN_UNDECLARED_SELECTOR = YES;
				GCC_WARN_UNINITIALIZED_AUTOS = YES_AGGRESSIVE;
				GCC_WARN_UNUSED_FUNCTION = YES;
				GCC_WARN_UNUSED_VARIABLE = YES;
				IPHONEOS_DEPLOYMENT_TARGET = 10.3;
				MTL_ENABLE_DEBUG_INFO = YES;
				ONLY_ACTIVE_ARCH = YES;
				SDKROOT = iphoneos;
				SWIFT_ACTIVE_COMPILATION_CONDITIONS = DEBUG;
				SWIFT_OPTIMIZATION_LEVEL = "-Onone";
				TARGETED_DEVICE_FAMILY = "1,2";
			};
			name = Debug;
		};
		9B81E3CB1F590A2C00CCF9F7 /* Release */ = {
			isa = XCBuildConfiguration;
			buildSettings = {
				ALWAYS_SEARCH_USER_PATHS = NO;
				CLANG_ANALYZER_NONNULL = YES;
				CLANG_ANALYZER_NUMBER_OBJECT_CONVERSION = YES_AGGRESSIVE;
				CLANG_CXX_LANGUAGE_STANDARD = "gnu++0x";
				CLANG_CXX_LIBRARY = "libc++";
				CLANG_ENABLE_MODULES = YES;
				CLANG_ENABLE_OBJC_ARC = YES;
				CLANG_WARN_BOOL_CONVERSION = YES;
				CLANG_WARN_CONSTANT_CONVERSION = YES;
				CLANG_WARN_DIRECT_OBJC_ISA_USAGE = YES_ERROR;
				CLANG_WARN_DOCUMENTATION_COMMENTS = YES;
				CLANG_WARN_EMPTY_BODY = YES;
				CLANG_WARN_ENUM_CONVERSION = YES;
				CLANG_WARN_INFINITE_RECURSION = YES;
				CLANG_WARN_INT_CONVERSION = YES;
				CLANG_WARN_OBJC_ROOT_CLASS = YES_ERROR;
				CLANG_WARN_SUSPICIOUS_MOVE = YES;
				CLANG_WARN_UNREACHABLE_CODE = YES;
				CLANG_WARN__DUPLICATE_METHOD_MATCH = YES;
				"CODE_SIGN_IDENTITY[sdk=iphoneos*]" = "iPhone Developer";
				COPY_PHASE_STRIP = NO;
				DEBUG_INFORMATION_FORMAT = "dwarf-with-dsym";
				ENABLE_NS_ASSERTIONS = NO;
				ENABLE_STRICT_OBJC_MSGSEND = YES;
				GCC_C_LANGUAGE_STANDARD = gnu99;
				GCC_NO_COMMON_BLOCKS = YES;
				GCC_WARN_64_TO_32_BIT_CONVERSION = YES;
				GCC_WARN_ABOUT_RETURN_TYPE = YES_ERROR;
				GCC_WARN_UNDECLARED_SELECTOR = YES;
				GCC_WARN_UNINITIALIZED_AUTOS = YES_AGGRESSIVE;
				GCC_WARN_UNUSED_FUNCTION = YES;
				GCC_WARN_UNUSED_VARIABLE = YES;
				IPHONEOS_DEPLOYMENT_TARGET = 10.3;
				MTL_ENABLE_DEBUG_INFO = NO;
				SDKROOT = iphoneos;
				SWIFT_OPTIMIZATION_LEVEL = "-Owholemodule";
				TARGETED_DEVICE_FAMILY = "1,2";
				VALIDATE_PRODUCT = YES;
			};
			name = Release;
		};
		9B81E3CD1F590A2C00CCF9F7 /* Debug */ = {
			isa = XCBuildConfiguration;
			buildSettings = {
				ASSETCATALOG_COMPILER_APPICON_NAME = AppIcon;
				INFOPLIST_FILE = SplitViewControllerExperiment/Info.plist;
				LD_RUNPATH_SEARCH_PATHS = "$(inherited) @executable_path/Frameworks";
				PRODUCT_BUNDLE_IDENTIFIER = psun.SplitViewControllerStoryboardDemo;
				PRODUCT_NAME = "$(TARGET_NAME)";
				SWIFT_VERSION = 3.0;
			};
			name = Debug;
		};
		9B81E3CE1F590A2C00CCF9F7 /* Release */ = {
			isa = XCBuildConfiguration;
			buildSettings = {
				ASSETCATALOG_COMPILER_APPICON_NAME = AppIcon;
				INFOPLIST_FILE = SplitViewControllerExperiment/Info.plist;
				LD_RUNPATH_SEARCH_PATHS = "$(inherited) @executable_path/Frameworks";
				PRODUCT_BUNDLE_IDENTIFIER = psun.SplitViewControllerStoryboardDemo;
				PRODUCT_NAME = "$(TARGET_NAME)";
				SWIFT_VERSION = 3.0;
			};
			name = Release;
		};
/* End XCBuildConfiguration section */

/* Begin XCConfigurationList section */
		9B81E39F1F590A2B00CCF9F7 /* Build configuration list for PBXProject "SplitViewControllerStoryboardDemo" */ = {
			isa = XCConfigurationList;
			buildConfigurations = (
				9B81E3CA1F590A2C00CCF9F7 /* Debug */,
				9B81E3CB1F590A2C00CCF9F7 /* Release */,
			);
			defaultConfigurationIsVisible = 0;
			defaultConfigurationName = Release;
		};
		9B81E3CC1F590A2C00CCF9F7 /* Build configuration list for PBXNativeTarget "SplitViewControllerExperiment" */ = {
			isa = XCConfigurationList;
			buildConfigurations = (
				9B81E3CD1F590A2C00CCF9F7 /* Debug */,
				9B81E3CE1F590A2C00CCF9F7 /* Release */,
			);
			defaultConfigurationIsVisible = 0;
			defaultConfigurationName = Release;
		};
/* End XCConfigurationList section */
	};
	rootObject = 9B81E39C1F590A2B00CCF9F7 /* Project object */;
}
