// !$*UTF8*$!
{
	archiveVersion = 1;
	classes = {
	};
	objectVersion = 46;
	objects = {

/* Begin PBXBuildFile section */
		257C2D6F1E6F4AF800F9DB34 /* AppDelegate.swift in Sources */ = {isa = PBXBuildFile; fileRef = 257C2D6E1E6F4AF800F9DB34 /* AppDelegate.swift */; };
		257C2D711E6F4AF800F9DB34 /* ViewController.swift in Sources */ = {isa = PBXBuildFile; fileRef = 257C2D701E6F4AF800F9DB34 /* ViewController.swift */; };
		257C2D741E6F4AF800F9DB34 /* Main.storyboard in Resources */ = {isa = PBXBuildFile; fileRef = 257C2D721E6F4AF800F9DB34 /* Main.storyboard */; };
		257C2D761E6F4AF800F9DB34 /* Assets.xcassets in Resources */ = {isa = PBXBuildFile; fileRef = 257C2D751E6F4AF800F9DB34 /* Assets.xcassets */; };
		257C2D791E6F4AF800F9DB34 /* LaunchScreen.storyboard in Resources */ = {isa = PBXBuildFile; fileRef = 257C2D771E6F4AF800F9DB34 /* LaunchScreen.storyboard */; };
		257C2D841E6F4AF800F9DB34 /* ScrollableResizingContainersTests.swift in Sources */ = {isa = PBXBuildFile; fileRef = 257C2D831E6F4AF800F9DB34 /* ScrollableResizingContainersTests.swift */; };
		257C2D8F1E6F4AF800F9DB34 /* ScrollableResizingContainersUITests.swift in Sources */ = {isa = PBXBuildFile; fileRef = 257C2D8E1E6F4AF800F9DB34 /* ScrollableResizingContainersUITests.swift */; };
		257C2D9F1E6F4BAE00F9DB34 /* ChildViewController.swift in Sources */ = {isa = PBXBuildFile; fileRef = 257C2D9E1E6F4BAE00F9DB34 /* ChildViewController.swift */; };
/* End PBXBuildFile section */

/* Begin PBXContainerItemProxy section */
		257C2D801E6F4AF800F9DB34 /* PBXContainerItemProxy */ = {
			isa = PBXContainerItemProxy;
			containerPortal = 257C2D631E6F4AF800F9DB34 /* Project object */;
			proxyType = 1;
			remoteGlobalIDString = 257C2D6A1E6F4AF800F9DB34;
			remoteInfo = ScrollableResizingContainers;
		};
		257C2D8B1E6F4AF800F9DB34 /* PBXContainerItemProxy */ = {
			isa = PBXContainerItemProxy;
			containerPortal = 257C2D631E6F4AF800F9DB34 /* Project object */;
			proxyType = 1;
			remoteGlobalIDString = 257C2D6A1E6F4AF800F9DB34;
			remoteInfo = ScrollableResizingContainers;
		};
/* End PBXContainerItemProxy section */

/* Begin PBXFileReference section */
		257C2D6B1E6F4AF800F9DB34 /* ScrollableResizingContainers.app */ = {isa = PBXFileReference; explicitFileType = wrapper.application; includeInIndex = 0; path = ScrollableResizingContainers.app; sourceTree = BUILT_PRODUCTS_DIR; };
		257C2D6E1E6F4AF800F9DB34 /* AppDelegate.swift */ = {isa = PBXFileReference; lastKnownFileType = sourcecode.swift; path = AppDelegate.swift; sourceTree = "<group>"; };
		257C2D701E6F4AF800F9DB34 /* ViewController.swift */ = {isa = PBXFileReference; lastKnownFileType = sourcecode.swift; path = ViewController.swift; sourceTree = "<group>"; };
		257C2D731E6F4AF800F9DB34 /* Base */ = {isa = PBXFileReference; lastKnownFileType = file.storyboard; name = Base; path = Base.lproj/Main.storyboard; sourceTree = "<group>"; };
		257C2D751E6F4AF800F9DB34 /* Assets.xcassets */ = {isa = PBXFileReference; lastKnownFileType = folder.assetcatalog; path = Assets.xcassets; sourceTree = "<group>"; };
		257C2D781E6F4AF800F9DB34 /* Base */ = {isa = PBXFileReference; lastKnownFileType = file.storyboard; name = Base; path = Base.lproj/LaunchScreen.storyboard; sourceTree = "<group>"; };
		257C2D7A1E6F4AF800F9DB34 /* Info.plist */ = {isa = PBXFileReference; lastKnownFileType = text.plist.xml; path = Info.plist; sourceTree = "<group>"; };
		257C2D7F1E6F4AF800F9DB34 /* ScrollableResizingContainersTests.xctest */ = {isa = PBXFileReference; explicitFileType = wrapper.cfbundle; includeInIndex = 0; path = ScrollableResizingContainersTests.xctest; sourceTree = BUILT_PRODUCTS_DIR; };
		257C2D831E6F4AF800F9DB34 /* ScrollableResizingContainersTests.swift */ = {isa = PBXFileReference; lastKnownFileType = sourcecode.swift; path = ScrollableResizingContainersTests.swift; sourceTree = "<group>"; };
		257C2D851E6F4AF800F9DB34 /* Info.plist */ = {isa = PBXFileReference; lastKnownFileType = text.plist.xml; path = Info.plist; sourceTree = "<group>"; };
		257C2D8A1E6F4AF800F9DB34 /* ScrollableResizingContainersUITests.xctest */ = {isa = PBXFileReference; explicitFileType = wrapper.cfbundle; includeInIndex = 0; path = ScrollableResizingContainersUITests.xctest; sourceTree = BUILT_PRODUCTS_DIR; };
		257C2D8E1E6F4AF800F9DB34 /* ScrollableResizingContainersUITests.swift */ = {isa = PBXFileReference; lastKnownFileType = sourcecode.swift; path = ScrollableResizingContainersUITests.swift; sourceTree = "<group>"; };
		257C2D901E6F4AF800F9DB34 /* Info.plist */ = {isa = PBXFileReference; lastKnownFileType = text.plist.xml; path = Info.plist; sourceTree = "<group>"; };
		257C2D9E1E6F4BAE00F9DB34 /* ChildViewController.swift */ = {isa = PBXFileReference; fileEncoding = 4; lastKnownFileType = sourcecode.swift; name = ChildViewController.swift; path = ../ChildViewController.swift; sourceTree = "<group>"; };
/* End PBXFileReference section */

/* Begin PBXFrameworksBuildPhase section */
		257C2D681E6F4AF800F9DB34 /* Frameworks */ = {
			isa = PBXFrameworksBuildPhase;
			buildActionMask = 2147483647;
			files = (
			);
			runOnlyForDeploymentPostprocessing = 0;
		};
		257C2D7C1E6F4AF800F9DB34 /* Frameworks */ = {
			isa = PBXFrameworksBuildPhase;
			buildActionMask = 2147483647;
			files = (
			);
			runOnlyForDeploymentPostprocessing = 0;
		};
		257C2D871E6F4AF800F9DB34 /* Frameworks */ = {
			isa = PBXFrameworksBuildPhase;
			buildActionMask = 2147483647;
			files = (
			);
			runOnlyForDeploymentPostprocessing = 0;
		};
/* End PBXFrameworksBuildPhase section */

/* Begin PBXGroup section */
		257C2D621E6F4AF800F9DB34 = {
			isa = PBXGroup;
			children = (
				257C2D6D1E6F4AF800F9DB34 /* ScrollableResizingContainers */,
				257C2D821E6F4AF800F9DB34 /* ScrollableResizingContainersTests */,
				257C2D8D1E6F4AF800F9DB34 /* ScrollableResizingContainersUITests */,
				257C2D6C1E6F4AF800F9DB34 /* Products */,
			);
			sourceTree = "<group>";
		};
		257C2D6C1E6F4AF800F9DB34 /* Products */ = {
			isa = PBXGroup;
			children = (
				257C2D6B1E6F4AF800F9DB34 /* ScrollableResizingContainers.app */,
				257C2D7F1E6F4AF800F9DB34 /* ScrollableResizingContainersTests.xctest */,
				257C2D8A1E6F4AF800F9DB34 /* ScrollableResizingContainersUITests.xctest */,
			);
			name = Products;
			sourceTree = "<group>";
		};
		257C2D6D1E6F4AF800F9DB34 /* ScrollableResizingContainers */ = {
			isa = PBXGroup;
			children = (
				257C2D6E1E6F4AF800F9DB34 /* AppDelegate.swift */,
				257C2D701E6F4AF800F9DB34 /* ViewController.swift */,
				257C2D9E1E6F4BAE00F9DB34 /* ChildViewController.swift */,
				257C2D721E6F4AF800F9DB34 /* Main.storyboard */,
				257C2D751E6F4AF800F9DB34 /* Assets.xcassets */,
				257C2D771E6F4AF800F9DB34 /* LaunchScreen.storyboard */,
				257C2D7A1E6F4AF800F9DB34 /* Info.plist */,
			);
			path = ScrollableResizingContainers;
			sourceTree = "<group>";
		};
		257C2D821E6F4AF800F9DB34 /* ScrollableResizingContainersTests */ = {
			isa = PBXGroup;
			children = (
				257C2D831E6F4AF800F9DB34 /* ScrollableResizingContainersTests.swift */,
				257C2D851E6F4AF800F9DB34 /* Info.plist */,
			);
			path = ScrollableResizingContainersTests;
			sourceTree = "<group>";
		};
		257C2D8D1E6F4AF800F9DB34 /* ScrollableResizingContainersUITests */ = {
			isa = PBXGroup;
			children = (
				257C2D8E1E6F4AF800F9DB34 /* ScrollableResizingContainersUITests.swift */,
				257C2D901E6F4AF800F9DB34 /* Info.plist */,
			);
			path = ScrollableResizingContainersUITests;
			sourceTree = "<group>";
		};
/* End PBXGroup section */

/* Begin PBXNativeTarget section */
		257C2D6A1E6F4AF800F9DB34 /* ScrollableResizingContainers */ = {
			isa = PBXNativeTarget;
			buildConfigurationList = 257C2D931E6F4AF800F9DB34 /* Build configuration list for PBXNativeTarget "ScrollableResizingContainers" */;
			buildPhases = (
				257C2D671E6F4AF800F9DB34 /* Sources */,
				257C2D681E6F4AF800F9DB34 /* Frameworks */,
				257C2D691E6F4AF800F9DB34 /* Resources */,
			);
			buildRules = (
			);
			dependencies = (
			);
			name = ScrollableResizingContainers;
			productName = ScrollableResizingContainers;
			productReference = 257C2D6B1E6F4AF800F9DB34 /* ScrollableResizingContainers.app */;
			productType = "com.apple.product-type.application";
		};
		257C2D7E1E6F4AF800F9DB34 /* ScrollableResizingContainersTests */ = {
			isa = PBXNativeTarget;
			buildConfigurationList = 257C2D961E6F4AF800F9DB34 /* Build configuration list for PBXNativeTarget "ScrollableResizingContainersTests" */;
			buildPhases = (
				257C2D7B1E6F4AF800F9DB34 /* Sources */,
				257C2D7C1E6F4AF800F9DB34 /* Frameworks */,
				257C2D7D1E6F4AF800F9DB34 /* Resources */,
			);
			buildRules = (
			);
			dependencies = (
				257C2D811E6F4AF800F9DB34 /* PBXTargetDependency */,
			);
			name = ScrollableResizingContainersTests;
			productName = ScrollableResizingContainersTests;
			productReference = 257C2D7F1E6F4AF800F9DB34 /* ScrollableResizingContainersTests.xctest */;
			productType = "com.apple.product-type.bundle.unit-test";
		};
		257C2D891E6F4AF800F9DB34 /* ScrollableResizingContainersUITests */ = {
			isa = PBXNativeTarget;
			buildConfigurationList = 257C2D991E6F4AF800F9DB34 /* Build configuration list for PBXNativeTarget "ScrollableResizingContainersUITests" */;
			buildPhases = (
				257C2D861E6F4AF800F9DB34 /* Sources */,
				257C2D871E6F4AF800F9DB34 /* Frameworks */,
				257C2D881E6F4AF800F9DB34 /* Resources */,
			);
			buildRules = (
			);
			dependencies = (
				257C2D8C1E6F4AF800F9DB34 /* PBXTargetDependency */,
			);
			name = ScrollableResizingContainersUITests;
			productName = ScrollableResizingContainersUITests;
			productReference = 257C2D8A1E6F4AF800F9DB34 /* ScrollableResizingContainersUITests.xctest */;
			productType = "com.apple.product-type.bundle.ui-testing";
		};
/* End PBXNativeTarget section */

/* Begin PBXProject section */
		257C2D631E6F4AF800F9DB34 /* Project object */ = {
			isa = PBXProject;
			attributes = {
				LastSwiftUpdateCheck = 0820;
				LastUpgradeCheck = 0820;
				ORGANIZATIONNAME = "Paige Sun";
				TargetAttributes = {
					257C2D6A1E6F4AF800F9DB34 = {
						CreatedOnToolsVersion = 8.2.1;
						ProvisioningStyle = Automatic;
					};
					257C2D7E1E6F4AF800F9DB34 = {
						CreatedOnToolsVersion = 8.2.1;
						ProvisioningStyle = Automatic;
						TestTargetID = 257C2D6A1E6F4AF800F9DB34;
					};
					257C2D891E6F4AF800F9DB34 = {
						CreatedOnToolsVersion = 8.2.1;
						ProvisioningStyle = Automatic;
						TestTargetID = 257C2D6A1E6F4AF800F9DB34;
					};
				};
			};
			buildConfigurationList = 257C2D661E6F4AF800F9DB34 /* Build configuration list for PBXProject "ScrollableResizingContainers" */;
			compatibilityVersion = "Xcode 3.2";
			developmentRegion = English;
			hasScannedForEncodings = 0;
			knownRegions = (
				en,
				Base,
			);
			mainGroup = 257C2D621E6F4AF800F9DB34;
			productRefGroup = 257C2D6C1E6F4AF800F9DB34 /* Products */;
			projectDirPath = "";
			projectRoot = "";
			targets = (
				257C2D6A1E6F4AF800F9DB34 /* ScrollableResizingContainers */,
				257C2D7E1E6F4AF800F9DB34 /* ScrollableResizingContainersTests */,
				257C2D891E6F4AF800F9DB34 /* ScrollableResizingContainersUITests */,
			);
		};
/* End PBXProject section */

/* Begin PBXResourcesBuildPhase section */
		257C2D691E6F4AF800F9DB34 /* Resources */ = {
			isa = PBXResourcesBuildPhase;
			buildActionMask = 2147483647;
			files = (
				257C2D791E6F4AF800F9DB34 /* LaunchScreen.storyboard in Resources */,
				257C2D761E6F4AF800F9DB34 /* Assets.xcassets in Resources */,
				257C2D741E6F4AF800F9DB34 /* Main.storyboard in Resources */,
			);
			runOnlyForDeploymentPostprocessing = 0;
		};
		257C2D7D1E6F4AF800F9DB34 /* Resources */ = {
			isa = PBXResourcesBuildPhase;
			buildActionMask = 2147483647;
			files = (
			);
			runOnlyForDeploymentPostprocessing = 0;
		};
		257C2D881E6F4AF800F9DB34 /* Resources */ = {
			isa = PBXResourcesBuildPhase;
			buildActionMask = 2147483647;
			files = (
			);
			runOnlyForDeploymentPostprocessing = 0;
		};
/* End PBXResourcesBuildPhase section */

/* Begin PBXSourcesBuildPhase section */
		257C2D671E6F4AF800F9DB34 /* Sources */ = {
			isa = PBXSourcesBuildPhase;
			buildActionMask = 2147483647;
			files = (
				257C2D711E6F4AF800F9DB34 /* ViewController.swift in Sources */,
				257C2D6F1E6F4AF800F9DB34 /* AppDelegate.swift in Sources */,
				257C2D9F1E6F4BAE00F9DB34 /* ChildViewController.swift in Sources */,
			);
			runOnlyForDeploymentPostprocessing = 0;
		};
		257C2D7B1E6F4AF800F9DB34 /* Sources */ = {
			isa = PBXSourcesBuildPhase;
			buildActionMask = 2147483647;
			files = (
				257C2D841E6F4AF800F9DB34 /* ScrollableResizingContainersTests.swift in Sources */,
			);
			runOnlyForDeploymentPostprocessing = 0;
		};
		257C2D861E6F4AF800F9DB34 /* Sources */ = {
			isa = PBXSourcesBuildPhase;
			buildActionMask = 2147483647;
			files = (
				257C2D8F1E6F4AF800F9DB34 /* ScrollableResizingContainersUITests.swift in Sources */,
			);
			runOnlyForDeploymentPostprocessing = 0;
		};
/* End PBXSourcesBuildPhase section */

/* Begin PBXTargetDependency section */
		257C2D811E6F4AF800F9DB34 /* PBXTargetDependency */ = {
			isa = PBXTargetDependency;
			target = 257C2D6A1E6F4AF800F9DB34 /* ScrollableResizingContainers */;
			targetProxy = 257C2D801E6F4AF800F9DB34 /* PBXContainerItemProxy */;
		};
		257C2D8C1E6F4AF800F9DB34 /* PBXTargetDependency */ = {
			isa = PBXTargetDependency;
			target = 257C2D6A1E6F4AF800F9DB34 /* ScrollableResizingContainers */;
			targetProxy = 257C2D8B1E6F4AF800F9DB34 /* PBXContainerItemProxy */;
		};
/* End PBXTargetDependency section */

/* Begin PBXVariantGroup section */
		257C2D721E6F4AF800F9DB34 /* Main.storyboard */ = {
			isa = PBXVariantGroup;
			children = (
				257C2D731E6F4AF800F9DB34 /* Base */,
			);
			name = Main.storyboard;
			sourceTree = "<group>";
		};
		257C2D771E6F4AF800F9DB34 /* LaunchScreen.storyboard */ = {
			isa = PBXVariantGroup;
			children = (
				257C2D781E6F4AF800F9DB34 /* Base */,
			);
			name = LaunchScreen.storyboard;
			sourceTree = "<group>";
		};
/* End PBXVariantGroup section */

/* Begin XCBuildConfiguration section */
		257C2D911E6F4AF800F9DB34 /* Debug */ = {
			isa = XCBuildConfiguration;
			buildSettings = {
				ALWAYS_SEARCH_USER_PATHS = NO;
				CLANG_ANALYZER_NONNULL = YES;
				CLANG_CXX_LANGUAGE_STANDARD = "gnu++0x";
				CLANG_CXX_LIBRARY = "libc++";
				CLANG_ENABLE_MODULES = YES;
				CLANG_ENABLE_OBJC_ARC = YES;
				CLANG_WARN_BOOL_CONVERSION = YES;
				CLANG_WARN_CONSTANT_CONVERSION = YES;
				CLANG_WARN_DIRECT_OBJC_ISA_USAGE = YES_ERROR;
				CLANG_WARN_DOCUMENTATION_COMMENTS = YES;
				CLANG_WARN_EMPTY_BODY = YES;
				CLANG_WARN_ENUM_CONVERSION = YES;
				CLANG_WARN_INFINITE_RECURSION = YES;
				CLANG_WARN_INT_CONVERSION = YES;
				CLANG_WARN_OBJC_ROOT_CLASS = YES_ERROR;
				CLANG_WARN_SUSPICIOUS_MOVE = YES;
				CLANG_WARN_UNREACHABLE_CODE = YES;
				CLANG_WARN__DUPLICATE_METHOD_MATCH = YES;
				"CODE_SIGN_IDENTITY[sdk=iphoneos*]" = "iPhone Developer";
				COPY_PHASE_STRIP = NO;
				DEBUG_INFORMATION_FORMAT = dwarf;
				ENABLE_STRICT_OBJC_MSGSEND = YES;
				ENABLE_TESTABILITY = YES;
				GCC_C_LANGUAGE_STANDARD = gnu99;
				GCC_DYNAMIC_NO_PIC = NO;
				GCC_NO_COMMON_BLOCKS = YES;
				GCC_OPTIMIZATION_LEVEL = 0;
				GCC_PREPROCESSOR_DEFINITIONS = (
					"DEBUG=1",
					"$(inherited)",
				);
				GCC_WARN_64_TO_32_BIT_CONVERSION = YES;
				GCC_WARN_ABOUT_RETURN_TYPE = YES_ERROR;
				GCC_WARN_UNDECLARED_SELECTOR = YES;
				GCC_WARN_UNINITIALIZED_AUTOS = YES_AGGRESSIVE;
				GCC_WARN_UNUSED_FUNCTION = YES;
				GCC_WARN_UNUSED_VARIABLE = YES;
				IPHONEOS_DEPLOYMENT_TARGET = 10.2;
				MTL_ENABLE_DEBUG_INFO = YES;
				ONLY_ACTIVE_ARCH = YES;
				SDKROOT = iphoneos;
				SWIFT_ACTIVE_COMPILATION_CONDITIONS = DEBUG;
				SWIFT_OPTIMIZATION_LEVEL = "-Onone";
				TARGETED_DEVICE_FAMILY = "1,2";
			};
			name = Debug;
		};
		257C2D921E6F4AF800F9DB34 /* Release */ = {
			isa = XCBuildConfiguration;
			buildSettings = {
				ALWAYS_SEARCH_USER_PATHS = NO;
				CLANG_ANALYZER_NONNULL = YES;
				CLANG_CXX_LANGUAGE_STANDARD = "gnu++0x";
				CLANG_CXX_LIBRARY = "libc++";
				CLANG_ENABLE_MODULES = YES;
				CLANG_ENABLE_OBJC_ARC = YES;
				CLANG_WARN_BOOL_CONVERSION = YES;
				CLANG_WARN_CONSTANT_CONVERSION = YES;
				CLANG_WARN_DIRECT_OBJC_ISA_USAGE = YES_ERROR;
				CLANG_WARN_DOCUMENTATION_COMMENTS = YES;
				CLANG_WARN_EMPTY_BODY = YES;
				CLANG_WARN_ENUM_CONVERSION = YES;
				CLANG_WARN_INFINITE_RECURSION = YES;
				CLANG_WARN_INT_CONVERSION = YES;
				CLANG_WARN_OBJC_ROOT_CLASS = YES_ERROR;
				CLANG_WARN_SUSPICIOUS_MOVE = YES;
				CLANG_WARN_UNREACHABLE_CODE = YES;
				CLANG_WARN__DUPLICATE_METHOD_MATCH = YES;
				"CODE_SIGN_IDENTITY[sdk=iphoneos*]" = "iPhone Developer";
				COPY_PHASE_STRIP = NO;
				DEBUG_INFORMATION_FORMAT = "dwarf-with-dsym";
				ENABLE_NS_ASSERTIONS = NO;
				ENABLE_STRICT_OBJC_MSGSEND = YES;
				GCC_C_LANGUAGE_STANDARD = gnu99;
				GCC_NO_COMMON_BLOCKS = YES;
				GCC_WARN_64_TO_32_BIT_CONVERSION = YES;
				GCC_WARN_ABOUT_RETURN_TYPE = YES_ERROR;
				GCC_WARN_UNDECLARED_SELECTOR = YES;
				GCC_WARN_UNINITIALIZED_AUTOS = YES_AGGRESSIVE;
				GCC_WARN_UNUSED_FUNCTION = YES;
				GCC_WARN_UNUSED_VARIABLE = YES;
				IPHONEOS_DEPLOYMENT_TARGET = 10.2;
				MTL_ENABLE_DEBUG_INFO = NO;
				SDKROOT = iphoneos;
				SWIFT_OPTIMIZATION_LEVEL = "-Owholemodule";
				TARGETED_DEVICE_FAMILY = "1,2";
				VALIDATE_PRODUCT = YES;
			};
			name = Release;
		};
		257C2D941E6F4AF800F9DB34 /* Debug */ = {
			isa = XCBuildConfiguration;
			buildSettings = {
				ASSETCATALOG_COMPILER_APPICON_NAME = AppIcon;
				INFOPLIST_FILE = ScrollableResizingContainers/Info.plist;
				LD_RUNPATH_SEARCH_PATHS = "$(inherited) @executable_path/Frameworks";
				PRODUCT_BUNDLE_IDENTIFIER = com.peisun.ScrollableResizingContainers;
				PRODUCT_NAME = "$(TARGET_NAME)";
				SWIFT_VERSION = 3.0;
			};
			name = Debug;
		};
		257C2D951E6F4AF800F9DB34 /* Release */ = {
			isa = XCBuildConfiguration;
			buildSettings = {
				ASSETCATALOG_COMPILER_APPICON_NAME = AppIcon;
				INFOPLIST_FILE = ScrollableResizingContainers/Info.plist;
				LD_RUNPATH_SEARCH_PATHS = "$(inherited) @executable_path/Frameworks";
				PRODUCT_BUNDLE_IDENTIFIER = com.peisun.ScrollableResizingContainers;
				PRODUCT_NAME = "$(TARGET_NAME)";
				SWIFT_VERSION = 3.0;
			};
			name = Release;
		};
		257C2D971E6F4AF800F9DB34 /* Debug */ = {
			isa = XCBuildConfiguration;
			buildSettings = {
				ALWAYS_EMBED_SWIFT_STANDARD_LIBRARIES = YES;
				BUNDLE_LOADER = "$(TEST_HOST)";
				INFOPLIST_FILE = ScrollableResizingContainersTests/Info.plist;
				LD_RUNPATH_SEARCH_PATHS = "$(inherited) @executable_path/Frameworks @loader_path/Frameworks";
				PRODUCT_BUNDLE_IDENTIFIER = com.peisun.ScrollableResizingContainersTests;
				PRODUCT_NAME = "$(TARGET_NAME)";
				SWIFT_VERSION = 3.0;
				TEST_HOST = "$(BUILT_PRODUCTS_DIR)/ScrollableResizingContainers.app/ScrollableResizingContainers";
			};
			name = Debug;
		};
		257C2D981E6F4AF800F9DB34 /* Release */ = {
			isa = XCBuildConfiguration;
			buildSettings = {
				ALWAYS_EMBED_SWIFT_STANDARD_LIBRARIES = YES;
				BUNDLE_LOADER = "$(TEST_HOST)";
				INFOPLIST_FILE = ScrollableResizingContainersTests/Info.plist;
				LD_RUNPATH_SEARCH_PATHS = "$(inherited) @executable_path/Frameworks @loader_path/Frameworks";
				PRODUCT_BUNDLE_IDENTIFIER = com.peisun.ScrollableResizingContainersTests;
				PRODUCT_NAME = "$(TARGET_NAME)";
				SWIFT_VERSION = 3.0;
				TEST_HOST = "$(BUILT_PRODUCTS_DIR)/ScrollableResizingContainers.app/ScrollableResizingContainers";
			};
			name = Release;
		};
		257C2D9A1E6F4AF800F9DB34 /* Debug */ = {
			isa = XCBuildConfiguration;
			buildSettings = {
				ALWAYS_EMBED_SWIFT_STANDARD_LIBRARIES = YES;
				INFOPLIST_FILE = ScrollableResizingContainersUITests/Info.plist;
				LD_RUNPATH_SEARCH_PATHS = "$(inherited) @executable_path/Frameworks @loader_path/Frameworks";
				PRODUCT_BUNDLE_IDENTIFIER = com.peisun.ScrollableResizingContainersUITests;
				PRODUCT_NAME = "$(TARGET_NAME)";
				SWIFT_VERSION = 3.0;
				TEST_TARGET_NAME = ScrollableResizingContainers;
			};
			name = Debug;
		};
		257C2D9B1E6F4AF800F9DB34 /* Release */ = {
			isa = XCBuildConfiguration;
			buildSettings = {
				ALWAYS_EMBED_SWIFT_STANDARD_LIBRARIES = YES;
				INFOPLIST_FILE = ScrollableResizingContainersUITests/Info.plist;
				LD_RUNPATH_SEARCH_PATHS = "$(inherited) @executable_path/Frameworks @loader_path/Frameworks";
				PRODUCT_BUNDLE_IDENTIFIER = com.peisun.ScrollableResizingContainersUITests;
				PRODUCT_NAME = "$(TARGET_NAME)";
				SWIFT_VERSION = 3.0;
				TEST_TARGET_NAME = ScrollableResizingContainers;
			};
			name = Release;
		};
/* End XCBuildConfiguration section */

/* Begin XCConfigurationList section */
		257C2D661E6F4AF800F9DB34 /* Build configuration list for PBXProject "ScrollableResizingContainers" */ = {
			isa = XCConfigurationList;
			buildConfigurations = (
				257C2D911E6F4AF800F9DB34 /* Debug */,
				257C2D921E6F4AF800F9DB34 /* Release */,
			);
			defaultConfigurationIsVisible = 0;
			defaultConfigurationName = Release;
		};
		257C2D931E6F4AF800F9DB34 /* Build configuration list for PBXNativeTarget "ScrollableResizingContainers" */ = {
			isa = XCConfigurationList;
			buildConfigurations = (
				257C2D941E6F4AF800F9DB34 /* Debug */,
				257C2D951E6F4AF800F9DB34 /* Release */,
			);
			defaultConfigurationIsVisible = 0;
		};
		257C2D961E6F4AF800F9DB34 /* Build configuration list for PBXNativeTarget "ScrollableResizingContainersTests" */ = {
			isa = XCConfigurationList;
			buildConfigurations = (
				257C2D971E6F4AF800F9DB34 /* Debug */,
				257C2D981E6F4AF800F9DB34 /* Release */,
			);
			defaultConfigurationIsVisible = 0;
		};
		257C2D991E6F4AF800F9DB34 /* Build configuration list for PBXNativeTarget "ScrollableResizingContainersUITests" */ = {
			isa = XCConfigurationList;
			buildConfigurations = (
				257C2D9A1E6F4AF800F9DB34 /* Debug */,
				257C2D9B1E6F4AF800F9DB34 /* Release */,
			);
			defaultConfigurationIsVisible = 0;
		};
/* End XCConfigurationList section */
	};
	rootObject = 257C2D631E6F4AF800F9DB34 /* Project object */;
}
